
Microsoft Visual Studio Solution File, Format Version 12.00
# Visual Studio Version 17
VisualStudioVersion = 17.5.33424.131
MinimumVisualStudioVersion = 10.0.40219.1
Project("{FAE04EC0-301F-11D3-BF4B-00C04F79EFBC}") = "Tinhdahinh", "Tinhdahinh\Tinhdahinh.csproj", "{998D610B-DBB9-4EA4-866A-6B81DACE422F}"
EndProject
Global
	GlobalSection(SolutionConfigurationPlatforms) = preSolution
		Debug|Any CPU = Debug|Any CPU
		Release|Any CPU = Release|Any CPU
	EndGlobalSection
	GlobalSection(ProjectConfigurationPlatforms) = postSolution
		{998D610B-DBB9-4EA4-866A-6B81DACE422F}.Debug|Any CPU.ActiveCfg = Debug|Any CPU
		{998D610B-DBB9-4EA4-866A-6B81DACE422F}.Debug|Any CPU.Build.0 = Debug|Any CPU
		{998D610B-DBB9-4EA4-866A-6B81DACE422F}.Release|Any CPU.ActiveCfg = Release|Any CPU
		{998D610B-DBB9-4EA4-866A-6B81DACE422F}.Release|Any CPU.Build.0 = Release|Any CPU
	EndGlobalSection
	GlobalSection(SolutionProperties) = preSolution
		HideSolutionNode = FALSE
	EndGlobalSection
	GlobalSection(ExtensibilityGlobals) = postSolution
		SolutionGuid = {D5899C86-DFDF-4E0E-889F-047646FA233B}
	EndGlobalSection
EndGlobal
